// !$*UTF8*$!
{
	archiveVersion = 1;
	classes = {
	};
	objectVersion = 50;
	objects = {

/* Begin PBXBuildFile section */
		7730ABFF25168D8C007600B6 /* TheRickandMortyAPI.h in Headers */ = {isa = PBXBuildFile; fileRef = 7730ABFD25168D8C007600B6 /* TheRickandMortyAPI.h */; settings = {ATTRIBUTES = (Public, ); }; };
		7730AC1025168E78007600B6 /* TheRickandMortyAPI.framework in Frameworks */ = {isa = PBXBuildFile; fileRef = 7730ABFA25168D8C007600B6 /* TheRickandMortyAPI.framework */; };
		776D8730251760E6001D219D /* TheRickandMortyService.swift in Sources */ = {isa = PBXBuildFile; fileRef = 776D872F251760E6001D219D /* TheRickandMortyService.swift */; };
		776D873425176181001D219D /* CharactersResponse.swift in Sources */ = {isa = PBXBuildFile; fileRef = 776D873325176181001D219D /* CharactersResponse.swift */; };
		776D8736251761A7001D219D /* Character.swift in Sources */ = {isa = PBXBuildFile; fileRef = 776D8735251761A7001D219D /* Character.swift */; };
		77855164251A23410046DDE5 /* Decoders.swift in Sources */ = {isa = PBXBuildFile; fileRef = 77855163251A23410046DDE5 /* Decoders.swift */; };
		77855166251A245C0046DDE5 /* EposideTests.swift in Sources */ = {isa = PBXBuildFile; fileRef = 77855165251A245C0046DDE5 /* EposideTests.swift */; };
		77855169251A248D0046DDE5 /* episode.json in Resources */ = {isa = PBXBuildFile; fileRef = 77855168251A248D0046DDE5 /* episode.json */; };
		7785516B251A28E80046DDE5 /* Info.swift in Sources */ = {isa = PBXBuildFile; fileRef = 7785516A251A28E80046DDE5 /* Info.swift */; };
/* End PBXBuildFile section */

/* Begin PBXContainerItemProxy section */
		7730AC1125168E78007600B6 /* PBXContainerItemProxy */ = {
			isa = PBXContainerItemProxy;
			containerPortal = 7730ABF125168D8C007600B6 /* Project object */;
			proxyType = 1;
			remoteGlobalIDString = 7730ABF925168D8C007600B6;
			remoteInfo = TheRickandMortyAPI;
		};
/* End PBXContainerItemProxy section */

/* Begin PBXFileReference section */
		7730ABFA25168D8C007600B6 /* TheRickandMortyAPI.framework */ = {isa = PBXFileReference; explicitFileType = wrapper.framework; includeInIndex = 0; path = TheRickandMortyAPI.framework; sourceTree = BUILT_PRODUCTS_DIR; };
		7730ABFD25168D8C007600B6 /* TheRickandMortyAPI.h */ = {isa = PBXFileReference; lastKnownFileType = sourcecode.c.h; path = TheRickandMortyAPI.h; sourceTree = "<group>"; };
		7730ABFE25168D8C007600B6 /* Info.plist */ = {isa = PBXFileReference; lastKnownFileType = text.plist.xml; name = Info.plist; path = TheRickandMortyAPI/App/Info.plist; sourceTree = SOURCE_ROOT; };
		7730AC0B25168E78007600B6 /* TheRickandMortyAPITests.xctest */ = {isa = PBXFileReference; explicitFileType = wrapper.cfbundle; includeInIndex = 0; path = TheRickandMortyAPITests.xctest; sourceTree = BUILT_PRODUCTS_DIR; };
		7730AC0F25168E78007600B6 /* Info.plist */ = {isa = PBXFileReference; lastKnownFileType = text.plist.xml; path = Info.plist; sourceTree = "<group>"; };
		776D872F251760E6001D219D /* TheRickandMortyService.swift */ = {isa = PBXFileReference; lastKnownFileType = sourcecode.swift; path = TheRickandMortyService.swift; sourceTree = "<group>"; };
		776D873325176181001D219D /* CharactersResponse.swift */ = {isa = PBXFileReference; lastKnownFileType = sourcecode.swift; path = CharactersResponse.swift; sourceTree = "<group>"; };
		776D8735251761A7001D219D /* Character.swift */ = {isa = PBXFileReference; lastKnownFileType = sourcecode.swift; path = Character.swift; sourceTree = "<group>"; };
		77855163251A23410046DDE5 /* Decoders.swift */ = {isa = PBXFileReference; lastKnownFileType = sourcecode.swift; path = Decoders.swift; sourceTree = "<group>"; };
		77855165251A245C0046DDE5 /* EposideTests.swift */ = {isa = PBXFileReference; lastKnownFileType = sourcecode.swift; path = EposideTests.swift; sourceTree = "<group>"; };
		77855168251A248D0046DDE5 /* episode.json */ = {isa = PBXFileReference; lastKnownFileType = text.json; path = episode.json; sourceTree = "<group>"; };
		7785516A251A28E80046DDE5 /* Info.swift */ = {isa = PBXFileReference; lastKnownFileType = sourcecode.swift; path = Info.swift; sourceTree = "<group>"; };
/* End PBXFileReference section */

/* Begin PBXFrameworksBuildPhase section */
		7730ABF725168D8C007600B6 /* Frameworks */ = {
			isa = PBXFrameworksBuildPhase;
			buildActionMask = 2147483647;
			files = (
			);
			runOnlyForDeploymentPostprocessing = 0;
		};
		7730AC0825168E78007600B6 /* Frameworks */ = {
			isa = PBXFrameworksBuildPhase;
			buildActionMask = 2147483647;
			files = (
				7730AC1025168E78007600B6 /* TheRickandMortyAPI.framework in Frameworks */,
			);
			runOnlyForDeploymentPostprocessing = 0;
		};
/* End PBXFrameworksBuildPhase section */

/* Begin PBXGroup section */
		7730ABF025168D8C007600B6 = {
			isa = PBXGroup;
			children = (
				7730ABFC25168D8C007600B6 /* TheRickandMortyAPI */,
				7730AC0C25168E78007600B6 /* TheRickandMortyAPITests */,
				7730ABFB25168D8C007600B6 /* Products */,
			);
			sourceTree = "<group>";
		};
		7730ABFB25168D8C007600B6 /* Products */ = {
			isa = PBXGroup;
			children = (
				7730ABFA25168D8C007600B6 /* TheRickandMortyAPI.framework */,
				7730AC0B25168E78007600B6 /* TheRickandMortyAPITests.xctest */,
			);
			name = Products;
			sourceTree = "<group>";
		};
		7730ABFC25168D8C007600B6 /* TheRickandMortyAPI */ = {
			isa = PBXGroup;
			children = (
				774BC3B8251CBD0300979950 /* App */,
				77855162251A232A0046DDE5 /* Helpers */,
				776D87322517616B001D219D /* Response */,
				776D873125176163001D219D /* DTOs */,
				7730ABFD25168D8C007600B6 /* TheRickandMortyAPI.h */,
			);
			path = TheRickandMortyAPI;
			sourceTree = "<group>";
		};
		7730AC0C25168E78007600B6 /* TheRickandMortyAPITests */ = {
			isa = PBXGroup;
			children = (
				77855167251A247D0046DDE5 /* Resources */,
				7730AC0F25168E78007600B6 /* Info.plist */,
				77855165251A245C0046DDE5 /* EposideTests.swift */,
			);
			path = TheRickandMortyAPITests;
			sourceTree = "<group>";
		};
		774BC3B8251CBD0300979950 /* App */ = {
			isa = PBXGroup;
			children = (
				7730ABFE25168D8C007600B6 /* Info.plist */,
				776D872F251760E6001D219D /* TheRickandMortyService.swift */,
			);
			path = App;
			sourceTree = "<group>";
		};
		776D873125176163001D219D /* DTOs */ = {
			isa = PBXGroup;
			children = (
				776D8735251761A7001D219D /* Character.swift */,
				7785516A251A28E80046DDE5 /* Info.swift */,
			);
			path = DTOs;
			sourceTree = "<group>";
		};
		776D87322517616B001D219D /* Response */ = {
			isa = PBXGroup;
			children = (
				776D873325176181001D219D /* CharactersResponse.swift */,
			);
			path = Response;
			sourceTree = "<group>";
		};
		77855162251A232A0046DDE5 /* Helpers */ = {
			isa = PBXGroup;
			children = (
				77855163251A23410046DDE5 /* Decoders.swift */,
			);
			path = Helpers;
			sourceTree = "<group>";
		};
		77855167251A247D0046DDE5 /* Resources */ = {
			isa = PBXGroup;
			children = (
				77855168251A248D0046DDE5 /* episode.json */,
			);
			path = Resources;
			sourceTree = "<group>";
		};
/* End PBXGroup section */

/* Begin PBXHeadersBuildPhase section */
		7730ABF525168D8C007600B6 /* Headers */ = {
			isa = PBXHeadersBuildPhase;
			buildActionMask = 2147483647;
			files = (
				7730ABFF25168D8C007600B6 /* TheRickandMortyAPI.h in Headers */,
			);
			runOnlyForDeploymentPostprocessing = 0;
		};
/* End PBXHeadersBuildPhase section */

/* Begin PBXNativeTarget section */
		7730ABF925168D8C007600B6 /* TheRickandMortyAPI */ = {
			isa = PBXNativeTarget;
			buildConfigurationList = 7730AC0225168D8C007600B6 /* Build configuration list for PBXNativeTarget "TheRickandMortyAPI" */;
			buildPhases = (
				7730ABF525168D8C007600B6 /* Headers */,
				7730ABF625168D8C007600B6 /* Sources */,
				7730ABF725168D8C007600B6 /* Frameworks */,
				7730ABF825168D8C007600B6 /* Resources */,
			);
			buildRules = (
			);
			dependencies = (
			);
			name = TheRickandMortyAPI;
			productName = TheRickandMortyAPI;
			productReference = 7730ABFA25168D8C007600B6 /* TheRickandMortyAPI.framework */;
			productType = "com.apple.product-type.framework";
		};
		7730AC0A25168E78007600B6 /* TheRickandMortyAPITests */ = {
			isa = PBXNativeTarget;
			buildConfigurationList = 7730AC1325168E78007600B6 /* Build configuration list for PBXNativeTarget "TheRickandMortyAPITests" */;
			buildPhases = (
				7730AC0725168E78007600B6 /* Sources */,
				7730AC0825168E78007600B6 /* Frameworks */,
				7730AC0925168E78007600B6 /* Resources */,
			);
			buildRules = (
			);
			dependencies = (
				7730AC1225168E78007600B6 /* PBXTargetDependency */,
			);
			name = TheRickandMortyAPITests;
			productName = TheRickandMortyAPITests;
			productReference = 7730AC0B25168E78007600B6 /* TheRickandMortyAPITests.xctest */;
			productType = "com.apple.product-type.bundle.unit-test";
		};
/* End PBXNativeTarget section */

/* Begin PBXProject section */
		7730ABF125168D8C007600B6 /* Project object */ = {
			isa = PBXProject;
			attributes = {
				LastSwiftUpdateCheck = 1160;
				LastUpgradeCheck = 1160;
				ORGANIZATIONNAME = "Gokhan Namal";
				TargetAttributes = {
					7730ABF925168D8C007600B6 = {
						CreatedOnToolsVersion = 11.6;
						LastSwiftMigration = 1160;
					};
					7730AC0A25168E78007600B6 = {
						CreatedOnToolsVersion = 11.6;
						LastSwiftMigration = 1160;
					};
				};
			};
			buildConfigurationList = 7730ABF425168D8C007600B6 /* Build configuration list for PBXProject "TheRickandMortyAPI" */;
			compatibilityVersion = "Xcode 9.3";
			developmentRegion = en;
			hasScannedForEncodings = 0;
			knownRegions = (
				en,
				Base,
			);
			mainGroup = 7730ABF025168D8C007600B6;
			productRefGroup = 7730ABFB25168D8C007600B6 /* Products */;
			projectDirPath = "";
			projectRoot = "";
			targets = (
				7730ABF925168D8C007600B6 /* TheRickandMortyAPI */,
				7730AC0A25168E78007600B6 /* TheRickandMortyAPITests */,
			);
		};
/* End PBXProject section */

/* Begin PBXResourcesBuildPhase section */
		7730ABF825168D8C007600B6 /* Resources */ = {
			isa = PBXResourcesBuildPhase;
			buildActionMask = 2147483647;
			files = (
			);
			runOnlyForDeploymentPostprocessing = 0;
		};
		7730AC0925168E78007600B6 /* Resources */ = {
			isa = PBXResourcesBuildPhase;
			buildActionMask = 2147483647;
			files = (
				77855169251A248D0046DDE5 /* episode.json in Resources */,
			);
			runOnlyForDeploymentPostprocessing = 0;
		};
/* End PBXResourcesBuildPhase section */

/* Begin PBXSourcesBuildPhase section */
		7730ABF625168D8C007600B6 /* Sources */ = {
			isa = PBXSourcesBuildPhase;
			buildActionMask = 2147483647;
			files = (
				776D873425176181001D219D /* CharactersResponse.swift in Sources */,
				776D8736251761A7001D219D /* Character.swift in Sources */,
				77855164251A23410046DDE5 /* Decoders.swift in Sources */,
				7785516B251A28E80046DDE5 /* Info.swift in Sources */,
				776D8730251760E6001D219D /* TheRickandMortyService.swift in Sources */,
			);
			runOnlyForDeploymentPostprocessing = 0;
		};
		7730AC0725168E78007600B6 /* Sources */ = {
			isa = PBXSourcesBuildPhase;
			buildActionMask = 2147483647;
			files = (
				77855166251A245C0046DDE5 /* EposideTests.swift in Sources */,
			);
			runOnlyForDeploymentPostprocessing = 0;
		};
/* End PBXSourcesBuildPhase section */

/* Begin PBXTargetDependency section */
		7730AC1225168E78007600B6 /* PBXTargetDependency */ = {
			isa = PBXTargetDependency;
			target = 7730ABF925168D8C007600B6 /* TheRickandMortyAPI */;
			targetProxy = 7730AC1125168E78007600B6 /* PBXContainerItemProxy */;
		};
/* End PBXTargetDependency section */

/* Begin XCBuildConfiguration section */
		7730AC0025168D8C007600B6 /* Debug */ = {
			isa = XCBuildConfiguration;
			buildSettings = {
				ALWAYS_SEARCH_USER_PATHS = NO;
				CLANG_ANALYZER_NONNULL = YES;
				CLANG_ANALYZER_NUMBER_OBJECT_CONVERSION = YES_AGGRESSIVE;
				CLANG_CXX_LANGUAGE_STANDARD = "gnu++14";
				CLANG_CXX_LIBRARY = "libc++";
				CLANG_ENABLE_MODULES = YES;
				CLANG_ENABLE_OBJC_ARC = YES;
				CLANG_ENABLE_OBJC_WEAK = YES;
				CLANG_WARN_BLOCK_CAPTURE_AUTORELEASING = YES;
				CLANG_WARN_BOOL_CONVERSION = YES;
				CLANG_WARN_COMMA = YES;
				CLANG_WARN_CONSTANT_CONVERSION = YES;
				CLANG_WARN_DEPRECATED_OBJC_IMPLEMENTATIONS = YES;
				CLANG_WARN_DIRECT_OBJC_ISA_USAGE = YES_ERROR;
				CLANG_WARN_DOCUMENTATION_COMMENTS = YES;
				CLANG_WARN_EMPTY_BODY = YES;
				CLANG_WARN_ENUM_CONVERSION = YES;
				CLANG_WARN_INFINITE_RECURSION = YES;
				CLANG_WARN_INT_CONVERSION = YES;
				CLANG_WARN_NON_LITERAL_NULL_CONVERSION = YES;
				CLANG_WARN_OBJC_IMPLICIT_RETAIN_SELF = YES;
				CLANG_WARN_OBJC_LITERAL_CONVERSION = YES;
				CLANG_WARN_OBJC_ROOT_CLASS = YES_ERROR;
				CLANG_WARN_RANGE_LOOP_ANALYSIS = YES;
				CLANG_WARN_STRICT_PROTOTYPES = YES;
				CLANG_WARN_SUSPICIOUS_MOVE = YES;
				CLANG_WARN_UNGUARDED_AVAILABILITY = YES_AGGRESSIVE;
				CLANG_WARN_UNREACHABLE_CODE = YES;
				CLANG_WARN__DUPLICATE_METHOD_MATCH = YES;
				COPY_PHASE_STRIP = NO;
				CURRENT_PROJECT_VERSION = 1;
				DEBUG_INFORMATION_FORMAT = dwarf;
				ENABLE_STRICT_OBJC_MSGSEND = YES;
				ENABLE_TESTABILITY = YES;
				GCC_C_LANGUAGE_STANDARD = gnu11;
				GCC_DYNAMIC_NO_PIC = NO;
				GCC_NO_COMMON_BLOCKS = YES;
				GCC_OPTIMIZATION_LEVEL = 0;
				GCC_PREPROCESSOR_DEFINITIONS = (
					"DEBUG=1",
					"$(inherited)",
				);
				GCC_WARN_64_TO_32_BIT_CONVERSION = YES;
				GCC_WARN_ABOUT_RETURN_TYPE = YES_ERROR;
				GCC_WARN_UNDECLARED_SELECTOR = YES;
				GCC_WARN_UNINITIALIZED_AUTOS = YES_AGGRESSIVE;
				GCC_WARN_UNUSED_FUNCTION = YES;
				GCC_WARN_UNUSED_VARIABLE = YES;
				INFOPLIST_FILE = TheRickandMortyAPI/App/Info.plist;
				IPHONEOS_DEPLOYMENT_TARGET = 13.6;
				MTL_ENABLE_DEBUG_INFO = INCLUDE_SOURCE;
				MTL_FAST_MATH = YES;
				ONLY_ACTIVE_ARCH = YES;
				SDKROOT = iphoneos;
				SWIFT_ACTIVE_COMPILATION_CONDITIONS = DEBUG;
				SWIFT_OPTIMIZATION_LEVEL = "-Onone";
				VERSIONING_SYSTEM = "apple-generic";
				VERSION_INFO_PREFIX = "";
			};
			name = Debug;
		};
		7730AC0125168D8C007600B6 /* Release */ = {
			isa = XCBuildConfiguration;
			buildSettings = {
				ALWAYS_SEARCH_USER_PATHS = NO;
				CLANG_ANALYZER_NONNULL = YES;
				CLANG_ANALYZER_NUMBER_OBJECT_CONVERSION = YES_AGGRESSIVE;
				CLANG_CXX_LANGUAGE_STANDARD = "gnu++14";
				CLANG_CXX_LIBRARY = "libc++";
				CLANG_ENABLE_MODULES = YES;
				CLANG_ENABLE_OBJC_ARC = YES;
				CLANG_ENABLE_OBJC_WEAK = YES;
				CLANG_WARN_BLOCK_CAPTURE_AUTORELEASING = YES;
				CLANG_WARN_BOOL_CONVERSION = YES;
				CLANG_WARN_COMMA = YES;
				CLANG_WARN_CONSTANT_CONVERSION = YES;
				CLANG_WARN_DEPRECATED_OBJC_IMPLEMENTATIONS = YES;
				CLANG_WARN_DIRECT_OBJC_ISA_USAGE = YES_ERROR;
				CLANG_WARN_DOCUMENTATION_COMMENTS = YES;
				CLANG_WARN_EMPTY_BODY = YES;
				CLANG_WARN_ENUM_CONVERSION = YES;
				CLANG_WARN_INFINITE_RECURSION = YES;
				CLANG_WARN_INT_CONVERSION = YES;
				CLANG_WARN_NON_LITERAL_NULL_CONVERSION = YES;
				CLANG_WARN_OBJC_IMPLICIT_RETAIN_SELF = YES;
				CLANG_WARN_OBJC_LITERAL_CONVERSION = YES;
				CLANG_WARN_OBJC_ROOT_CLASS = YES_ERROR;
				CLANG_WARN_RANGE_LOOP_ANALYSIS = YES;
				CLANG_WARN_STRICT_PROTOTYPES = YES;
				CLANG_WARN_SUSPICIOUS_MOVE = YES;
				CLANG_WARN_UNGUARDED_AVAILABILITY = YES_AGGRESSIVE;
				CLANG_WARN_UNREACHABLE_CODE = YES;
				CLANG_WARN__DUPLICATE_METHOD_MATCH = YES;
				COPY_PHASE_STRIP = NO;
				CURRENT_PROJECT_VERSION = 1;
				DEBUG_INFORMATION_FORMAT = "dwarf-with-dsym";
				ENABLE_NS_ASSERTIONS = NO;
				ENABLE_STRICT_OBJC_MSGSEND = YES;
				GCC_C_LANGUAGE_STANDARD = gnu11;
				GCC_NO_COMMON_BLOCKS = YES;
				GCC_WARN_64_TO_32_BIT_CONVERSION = YES;
				GCC_WARN_ABOUT_RETURN_TYPE = YES_ERROR;
				GCC_WARN_UNDECLARED_SELECTOR = YES;
				GCC_WARN_UNINITIALIZED_AUTOS = YES_AGGRESSIVE;
				GCC_WARN_UNUSED_FUNCTION = YES;
				GCC_WARN_UNUSED_VARIABLE = YES;
				INFOPLIST_FILE = TheRickandMortyAPI/App/Info.plist;
				IPHONEOS_DEPLOYMENT_TARGET = 13.6;
				MTL_ENABLE_DEBUG_INFO = NO;
				MTL_FAST_MATH = YES;
				SDKROOT = iphoneos;
				SWIFT_COMPILATION_MODE = wholemodule;
				SWIFT_OPTIMIZATION_LEVEL = "-O";
				VALIDATE_PRODUCT = YES;
				VERSIONING_SYSTEM = "apple-generic";
				VERSION_INFO_PREFIX = "";
			};
			name = Release;
		};
		7730AC0325168D8C007600B6 /* Debug */ = {
			isa = XCBuildConfiguration;
			buildSettings = {
				CLANG_ENABLE_MODULES = YES;
				CODE_SIGN_STYLE = Automatic;
				DEFINES_MODULE = YES;
				DEVELOPMENT_TEAM = KLG734RE3M;
				DYLIB_COMPATIBILITY_VERSION = 1;
				DYLIB_CURRENT_VERSION = 1;
				DYLIB_INSTALL_NAME_BASE = "@rpath";
				INFOPLIST_FILE = TheRickandMortyAPI/App/Info.plist;
				INSTALL_PATH = "$(LOCAL_LIBRARY_DIR)/Frameworks";
				LD_RUNPATH_SEARCH_PATHS = (
					"$(inherited)",
					"@executable_path/Frameworks",
					"@loader_path/Frameworks",
				);
				PRODUCT_BUNDLE_IDENTIFIER = com.gokhan.TheRickandMortyAPI;
				PRODUCT_NAME = "$(TARGET_NAME:c99extidentifier)";
				SKIP_INSTALL = YES;
				SWIFT_OPTIMIZATION_LEVEL = "-Onone";
				SWIFT_VERSION = 5.0;
				TARGETED_DEVICE_FAMILY = "1,2";
			};
			name = Debug;
		};
		7730AC0425168D8C007600B6 /* Release */ = {
			isa = XCBuildConfiguration;
			buildSettings = {
				CLANG_ENABLE_MODULES = YES;
				CODE_SIGN_STYLE = Automatic;
				DEFINES_MODULE = YES;
				DEVELOPMENT_TEAM = KLG734RE3M;
				DYLIB_COMPATIBILITY_VERSION = 1;
				DYLIB_CURRENT_VERSION = 1;
				DYLIB_INSTALL_NAME_BASE = "@rpath";
				INFOPLIST_FILE = TheRickandMortyAPI/App/Info.plist;
				INSTALL_PATH = "$(LOCAL_LIBRARY_DIR)/Frameworks";
				LD_RUNPATH_SEARCH_PATHS = (
					"$(inherited)",
					"@executable_path/Frameworks",
					"@loader_path/Frameworks",
				);
				PRODUCT_BUNDLE_IDENTIFIER = com.gokhan.TheRickandMortyAPI;
				PRODUCT_NAME = "$(TARGET_NAME:c99extidentifier)";
				SKIP_INSTALL = YES;
				SWIFT_VERSION = 5.0;
				TARGETED_DEVICE_FAMILY = "1,2";
			};
			name = Release;
		};
		7730AC1425168E78007600B6 /* Debug */ = {
			isa = XCBuildConfiguration;
			buildSettings = {
				ALWAYS_EMBED_SWIFT_STANDARD_LIBRARIES = YES;
				CLANG_ENABLE_MODULES = YES;
				CODE_SIGN_STYLE = Automatic;
				DEVELOPMENT_TEAM = KLG734RE3M;
				INFOPLIST_FILE = TheRickandMortyAPITests/Info.plist;
				LD_RUNPATH_SEARCH_PATHS = (
					"$(inherited)",
					"@executable_path/Frameworks",
					"@loader_path/Frameworks",
				);
				PRODUCT_BUNDLE_IDENTIFIER = com.gokhan.TheRickandMortyAPITests;
				PRODUCT_NAME = "$(TARGET_NAME)";
				SWIFT_OPTIMIZATION_LEVEL = "-Onone";
				SWIFT_VERSION = 5.0;
				TARGETED_DEVICE_FAMILY = "1,2";
			};
			name = Debug;
		};
		7730AC1525168E78007600B6 /* Release */ = {
			isa = XCBuildConfiguration;
			buildSettings = {
				ALWAYS_EMBED_SWIFT_STANDARD_LIBRARIES = YES;
				CLANG_ENABLE_MODULES = YES;
				CODE_SIGN_STYLE = Automatic;
				DEVELOPMENT_TEAM = KLG734RE3M;
				INFOPLIST_FILE = TheRickandMortyAPITests/Info.plist;
				LD_RUNPATH_SEARCH_PATHS = (
					"$(inherited)",
					"@executable_path/Frameworks",
					"@loader_path/Frameworks",
				);
				PRODUCT_BUNDLE_IDENTIFIER = com.gokhan.TheRickandMortyAPITests;
				PRODUCT_NAME = "$(TARGET_NAME)";
				SWIFT_VERSION = 5.0;
				TARGETED_DEVICE_FAMILY = "1,2";
			};
			name = Release;
		};
/* End XCBuildConfiguration section */

/* Begin XCConfigurationList section */
		7730ABF425168D8C007600B6 /* Build configuration list for PBXProject "TheRickandMortyAPI" */ = {
			isa = XCConfigurationList;
			buildConfigurations = (
				7730AC0025168D8C007600B6 /* Debug */,
				7730AC0125168D8C007600B6 /* Release */,
			);
			defaultConfigurationIsVisible = 0;
			defaultConfigurationName = Release;
		};
		7730AC0225168D8C007600B6 /* Build configuration list for PBXNativeTarget "TheRickandMortyAPI" */ = {
			isa = XCConfigurationList;
			buildConfigurations = (
				7730AC0325168D8C007600B6 /* Debug */,
				7730AC0425168D8C007600B6 /* Release */,
			);
			defaultConfigurationIsVisible = 0;
			defaultConfigurationName = Release;
		};
		7730AC1325168E78007600B6 /* Build configuration list for PBXNativeTarget "TheRickandMortyAPITests" */ = {
			isa = XCConfigurationList;
			buildConfigurations = (
				7730AC1425168E78007600B6 /* Debug */,
				7730AC1525168E78007600B6 /* Release */,
			);
			defaultConfigurationIsVisible = 0;
			defaultConfigurationName = Release;
		};
/* End XCConfigurationList section */
	};
	rootObject = 7730ABF125168D8C007600B6 /* Project object */;
}
